
Microsoft Visual Studio Solution File, Format Version 12.00
# Visual Studio Version 17
VisualStudioVersion = 17.5.002.0
MinimumVisualStudioVersion = 10.0.40219.1
Project("{9A19103F-16F7-4668-BE54-9A1E7A4F7556}") = "DesafioFundamentos", "DesafioFundamentos.csproj", "{008A9EDF-B565-4126-9209-D782C9F2B019}"
EndProject
Global
	GlobalSection(SolutionConfigurationPlatforms) = preSolution
		Debug|Any CPU = Debug|Any CPU
		Release|Any CPU = Release|Any CPU
	EndGlobalSection
	GlobalSection(ProjectConfigurationPlatforms) = postSolution
		{008A9EDF-B565-4126-9209-D782C9F2B019}.Debug|Any CPU.ActiveCfg = Debug|Any CPU
		{008A9EDF-B565-4126-9209-D782C9F2B019}.Debug|Any CPU.Build.0 = Debug|Any CPU
		{008A9EDF-B565-4126-9209-D782C9F2B019}.Release|Any CPU.ActiveCfg = Release|Any CPU
		{008A9EDF-B565-4126-9209-D782C9F2B019}.Release|Any CPU.Build.0 = Release|Any CPU
	EndGlobalSection
	GlobalSection(SolutionProperties) = preSolution
		HideSolutionNode = FALSE
	EndGlobalSection
	GlobalSection(ExtensibilityGlobals) = postSolution
		SolutionGuid = {C02CEAA6-9214-4885-8799-5C795A8C5EA6}
	EndGlobalSection
EndGlobal
